
Microsoft Visual Studio Solution File, Format Version 12.00
# Visual Studio Version 17
VisualStudioVersion = 17.2.32630.192
MinimumVisualStudioVersion = 10.0.40219.1
Project("{9A19103F-16F7-4668-BE54-9A1E7A4F7556}") = "UITestingPlayground.Tests", "UITestingPlayground.Tests\UITestingPlayground.Tests.csproj", "{0F26F9FA-B201-4F7E-84E0-08502A9FE5A8}"
EndProject
Project("{9A19103F-16F7-4668-BE54-9A1E7A4F7556}") = "UITestingPlayGround.Model", "UITestingPlayGround.Model\UITestingPlayGround.Model.csproj", "{B1003224-129A-451E-BB50-44BD82DA536C}"
EndProject
Global
	GlobalSection(SolutionConfigurationPlatforms) = preSolution
		Debug|Any CPU = Debug|Any CPU
		Release|Any CPU = Release|Any CPU
	EndGlobalSection
	GlobalSection(ProjectConfigurationPlatforms) = postSolution
		{0F26F9FA-B201-4F7E-84E0-08502A9FE5A8}.Debug|Any CPU.ActiveCfg = Debug|Any CPU
		{0F26F9FA-B201-4F7E-84E0-08502A9FE5A8}.Debug|Any CPU.Build.0 = Debug|Any CPU
		{0F26F9FA-B201-4F7E-84E0-08502A9FE5A8}.Release|Any CPU.ActiveCfg = Release|Any CPU
		{0F26F9FA-B201-4F7E-84E0-08502A9FE5A8}.Release|Any CPU.Build.0 = Release|Any CPU
		{B1003224-129A-451E-BB50-44BD82DA536C}.Debug|Any CPU.ActiveCfg = Debug|Any CPU
		{B1003224-129A-451E-BB50-44BD82DA536C}.Debug|Any CPU.Build.0 = Debug|Any CPU
		{B1003224-129A-451E-BB50-44BD82DA536C}.Release|Any CPU.ActiveCfg = Release|Any CPU
		{B1003224-129A-451E-BB50-44BD82DA536C}.Release|Any CPU.Build.0 = Release|Any CPU
	EndGlobalSection
	GlobalSection(SolutionProperties) = preSolution
		HideSolutionNode = FALSE
	EndGlobalSection
	GlobalSection(ExtensibilityGlobals) = postSolution
		SolutionGuid = {EC2E0278-55C9-48A6-AB61-FCE1605C6777}
	EndGlobalSection
EndGlobal
